
Microsoft Visual Studio Solution File, Format Version 12.00
# Visual Studio Version 17
VisualStudioVersion = 17.4.33122.133
MinimumVisualStudioVersion = 10.0.40219.1
Project("{FAE04EC0-301F-11D3-BF4B-00C04F79EFBC}") = "WpfApp3", "WpfApp3\WpfApp3.csproj", "{34811C84-45FE-49BD-A829-9B912C5AB203}"
EndProject
Project("{FAE04EC0-301F-11D3-BF4B-00C04F79EFBC}") = "DAL", "DAL\DAL.csproj", "{10B9D020-C4FA-49A7-BE17-BD5E85663341}"
EndProject
Project("{FAE04EC0-301F-11D3-BF4B-00C04F79EFBC}") = "BLLL", "BLLL\BLLL.csproj", "{18A99ABB-17B8-47E3-AD54-88C754405405}"
EndProject
Global
	GlobalSection(SolutionConfigurationPlatforms) = preSolution
		Debug|Any CPU = Debug|Any CPU
		Release|Any CPU = Release|Any CPU
	EndGlobalSection
	GlobalSection(ProjectConfigurationPlatforms) = postSolution
		{34811C84-45FE-49BD-A829-9B912C5AB203}.Debug|Any CPU.ActiveCfg = Debug|Any CPU
		{34811C84-45FE-49BD-A829-9B912C5AB203}.Debug|Any CPU.Build.0 = Debug|Any CPU
		{34811C84-45FE-49BD-A829-9B912C5AB203}.Release|Any CPU.ActiveCfg = Release|Any CPU
		{34811C84-45FE-49BD-A829-9B912C5AB203}.Release|Any CPU.Build.0 = Release|Any CPU
		{10B9D020-C4FA-49A7-BE17-BD5E85663341}.Debug|Any CPU.ActiveCfg = Debug|Any CPU
		{10B9D020-C4FA-49A7-BE17-BD5E85663341}.Debug|Any CPU.Build.0 = Debug|Any CPU
		{10B9D020-C4FA-49A7-BE17-BD5E85663341}.Release|Any CPU.ActiveCfg = Release|Any CPU
		{10B9D020-C4FA-49A7-BE17-BD5E85663341}.Release|Any CPU.Build.0 = Release|Any CPU
		{18A99ABB-17B8-47E3-AD54-88C754405405}.Debug|Any CPU.ActiveCfg = Debug|Any CPU
		{18A99ABB-17B8-47E3-AD54-88C754405405}.Debug|Any CPU.Build.0 = Debug|Any CPU
		{18A99ABB-17B8-47E3-AD54-88C754405405}.Release|Any CPU.ActiveCfg = Release|Any CPU
		{18A99ABB-17B8-47E3-AD54-88C754405405}.Release|Any CPU.Build.0 = Release|Any CPU
	EndGlobalSection
	GlobalSection(SolutionProperties) = preSolution
		HideSolutionNode = FALSE
	EndGlobalSection
	GlobalSection(ExtensibilityGlobals) = postSolution
		SolutionGuid = {C53A785A-2CCE-4C45-8306-C3E9D761B999}
	EndGlobalSection
EndGlobal
